
Microsoft Visual Studio Solution File, Format Version 12.00
# Visual Studio 15
VisualStudioVersion = 15.0.26124.0
MinimumVisualStudioVersion = 15.0.26124.0
Project("{FAE04EC0-301F-11D3-BF4B-00C04F79EFBC}") = "S3ToPostgresDataPipeline", "S3ToPostgresDataPipeline\S3ToPostgresDataPipeline.csproj", "{B73E4DC6-630D-4B35-BF71-FA061E5D3C9B}"
EndProject
Project("{FAE04EC0-301F-11D3-BF4B-00C04F79EFBC}") = "S3ToPostgresDataPipeline.Tests", "S3ToPostgresDataPipeline.Tests\S3ToPostgresDataPipeline.Tests.csproj", "{B6C82C23-20BC-4A34-96E2-1F0E12F7C972}"
EndProject
Global
	GlobalSection(SolutionConfigurationPlatforms) = preSolution
		Debug|Any CPU = Debug|Any CPU
		Debug|x64 = Debug|x64
		Debug|x86 = Debug|x86
		Release|Any CPU = Release|Any CPU
		Release|x64 = Release|x64
		Release|x86 = Release|x86
	EndGlobalSection
	GlobalSection(SolutionProperties) = preSolution
		HideSolutionNode = FALSE
	EndGlobalSection
	GlobalSection(ProjectConfigurationPlatforms) = postSolution
		{B73E4DC6-630D-4B35-BF71-FA061E5D3C9B}.Debug|Any CPU.ActiveCfg = Debug|Any CPU
		{B73E4DC6-630D-4B35-BF71-FA061E5D3C9B}.Debug|Any CPU.Build.0 = Debug|Any CPU
		{B73E4DC6-630D-4B35-BF71-FA061E5D3C9B}.Debug|x64.ActiveCfg = Debug|Any CPU
		{B73E4DC6-630D-4B35-BF71-FA061E5D3C9B}.Debug|x64.Build.0 = Debug|Any CPU
		{B73E4DC6-630D-4B35-BF71-FA061E5D3C9B}.Debug|x86.ActiveCfg = Debug|Any CPU
		{B73E4DC6-630D-4B35-BF71-FA061E5D3C9B}.Debug|x86.Build.0 = Debug|Any CPU
		{B73E4DC6-630D-4B35-BF71-FA061E5D3C9B}.Release|Any CPU.ActiveCfg = Release|Any CPU
		{B73E4DC6-630D-4B35-BF71-FA061E5D3C9B}.Release|Any CPU.Build.0 = Release|Any CPU
		{B73E4DC6-630D-4B35-BF71-FA061E5D3C9B}.Release|x64.ActiveCfg = Release|Any CPU
		{B73E4DC6-630D-4B35-BF71-FA061E5D3C9B}.Release|x64.Build.0 = Release|Any CPU
		{B73E4DC6-630D-4B35-BF71-FA061E5D3C9B}.Release|x86.ActiveCfg = Release|Any CPU
		{B73E4DC6-630D-4B35-BF71-FA061E5D3C9B}.Release|x86.Build.0 = Release|Any CPU
		{B6C82C23-20BC-4A34-96E2-1F0E12F7C972}.Debug|Any CPU.ActiveCfg = Debug|Any CPU
		{B6C82C23-20BC-4A34-96E2-1F0E12F7C972}.Debug|Any CPU.Build.0 = Debug|Any CPU
		{B6C82C23-20BC-4A34-96E2-1F0E12F7C972}.Debug|x64.ActiveCfg = Debug|Any CPU
		{B6C82C23-20BC-4A34-96E2-1F0E12F7C972}.Debug|x64.Build.0 = Debug|Any CPU
		{B6C82C23-20BC-4A34-96E2-1F0E12F7C972}.Debug|x86.ActiveCfg = Debug|Any CPU
		{B6C82C23-20BC-4A34-96E2-1F0E12F7C972}.Debug|x86.Build.0 = Debug|Any CPU
		{B6C82C23-20BC-4A34-96E2-1F0E12F7C972}.Release|Any CPU.ActiveCfg = Release|Any CPU
		{B6C82C23-20BC-4A34-96E2-1F0E12F7C972}.Release|Any CPU.Build.0 = Release|Any CPU
		{B6C82C23-20BC-4A34-96E2-1F0E12F7C972}.Release|x64.ActiveCfg = Release|Any CPU
		{B6C82C23-20BC-4A34-96E2-1F0E12F7C972}.Release|x64.Build.0 = Release|Any CPU
		{B6C82C23-20BC-4A34-96E2-1F0E12F7C972}.Release|x86.ActiveCfg = Release|Any CPU
		{B6C82C23-20BC-4A34-96E2-1F0E12F7C972}.Release|x86.Build.0 = Release|Any CPU
	EndGlobalSection
EndGlobal
